// !$*UTF8*$!
{
	archiveVersion = 1;
	classes = {
	};
	objectVersion = 46;
	objects = {

/* Begin PBXBuildFile section */
		11414F638E622555C700710D /* libPods.a in Frameworks */ = {isa = PBXBuildFile; fileRef = 66C726B289DBAFE5F48197CE /* libPods.a */; };
		840E2C6E1C9B1AF300FE7E3B /* main.m in Sources */ = {isa = PBXBuildFile; fileRef = 840E2C6D1C9B1AF300FE7E3B /* main.m */; };
		840E2C711C9B1AF300FE7E3B /* AppDelegate.m in Sources */ = {isa = PBXBuildFile; fileRef = 840E2C701C9B1AF300FE7E3B /* AppDelegate.m */; };
		840E2C771C9B1AF300FE7E3B /* Main.storyboard in Resources */ = {isa = PBXBuildFile; fileRef = 840E2C751C9B1AF300FE7E3B /* Main.storyboard */; };
		840E2C791C9B1AF300FE7E3B /* Assets.xcassets in Resources */ = {isa = PBXBuildFile; fileRef = 840E2C781C9B1AF300FE7E3B /* Assets.xcassets */; };
		840E2C7C1C9B1AF300FE7E3B /* LaunchScreen.storyboard in Resources */ = {isa = PBXBuildFile; fileRef = 840E2C7A1C9B1AF300FE7E3B /* LaunchScreen.storyboard */; };
		840E2D141C9DAC7600FE7E3B /* FlickrPhoto.m in Sources */ = {isa = PBXBuildFile; fileRef = 840E2D131C9DAC7600FE7E3B /* FlickrPhoto.m */; };
		84BEEC561CA7B2F00000FCA9 /* FlickrAPI.m in Sources */ = {isa = PBXBuildFile; fileRef = 84BEEC551CA7B2F00000FCA9 /* FlickrAPI.m */; };
		84BEEC621CA7B3110000FCA9 /* FlickrPhotoCollectionVC.m in Sources */ = {isa = PBXBuildFile; fileRef = 84BEEC5B1CA7B3110000FCA9 /* FlickrPhotoCollectionVC.m */; };
		84BEEC631CA7B3110000FCA9 /* FlickrPhotoDetailVC.m in Sources */ = {isa = PBXBuildFile; fileRef = 84BEEC5D1CA7B3110000FCA9 /* FlickrPhotoDetailVC.m */; };
		84BEEC641CA7B3110000FCA9 /* MapViewVC.m in Sources */ = {isa = PBXBuildFile; fileRef = 84BEEC5F1CA7B3110000FCA9 /* MapViewVC.m */; };
		84BEEC651CA7B3110000FCA9 /* StartViewController.m in Sources */ = {isa = PBXBuildFile; fileRef = 84BEEC611CA7B3110000FCA9 /* StartViewController.m */; };
		84BEEC681CA7B31E0000FCA9 /* FlickrPhotoCollectionViewCell.m in Sources */ = {isa = PBXBuildFile; fileRef = 84BEEC671CA7B31E0000FCA9 /* FlickrPhotoCollectionViewCell.m */; };
		84BEEC6B1CA7B32F0000FCA9 /* LocationManager.m in Sources */ = {isa = PBXBuildFile; fileRef = 84BEEC6A1CA7B32F0000FCA9 /* LocationManager.m */; };
		84BEEC6F1CA7B6C10000FCA9 /* UIImage+Blur.m in Sources */ = {isa = PBXBuildFile; fileRef = 84BEEC6E1CA7B6C10000FCA9 /* UIImage+Blur.m */; };
		84BEEC781CA80BA30000FCA9 /* AboutPhotoVC.m in Sources */ = {isa = PBXBuildFile; fileRef = 84BEEC771CA80BA30000FCA9 /* AboutPhotoVC.m */; };
		84BEEC7B1CA84AA70000FCA9 /* AppearanceCustomization.m in Sources */ = {isa = PBXBuildFile; fileRef = 84BEEC7A1CA84AA70000FCA9 /* AppearanceCustomization.m */; };
		84BEEC801CB40D990000FCA9 /* FlickrPhotoFooterView.m in Sources */ = {isa = PBXBuildFile; fileRef = 84BEEC7F1CB40D980000FCA9 /* FlickrPhotoFooterView.m */; };
		84CEDDB71CA70F540021386F /* LoadingView.m in Sources */ = {isa = PBXBuildFile; fileRef = 84CEDDB61CA70F540021386F /* LoadingView.m */; };
		84D0408E1CA45A550085F33F /* SessionManager.m in Sources */ = {isa = PBXBuildFile; fileRef = 84D0408D1CA45A550085F33F /* SessionManager.m */; };
		84EC496B1C9DC89B0038F263 /* MapKit.framework in Frameworks */ = {isa = PBXBuildFile; fileRef = 84EC496A1C9DC89B0038F263 /* MapKit.framework */; };
/* End PBXBuildFile section */

/* Begin PBXFileReference section */
		66C726B289DBAFE5F48197CE /* libPods.a */ = {isa = PBXFileReference; explicitFileType = archive.ar; includeInIndex = 0; path = libPods.a; sourceTree = BUILT_PRODUCTS_DIR; };
		840E2C691C9B1AF300FE7E3B /* FlickrMap.app */ = {isa = PBXFileReference; explicitFileType = wrapper.application; includeInIndex = 0; path = FlickrMap.app; sourceTree = BUILT_PRODUCTS_DIR; };
		840E2C6D1C9B1AF300FE7E3B /* main.m */ = {isa = PBXFileReference; lastKnownFileType = sourcecode.c.objc; path = main.m; sourceTree = "<group>"; };
		840E2C6F1C9B1AF300FE7E3B /* AppDelegate.h */ = {isa = PBXFileReference; lastKnownFileType = sourcecode.c.h; path = AppDelegate.h; sourceTree = "<group>"; };
		840E2C701C9B1AF300FE7E3B /* AppDelegate.m */ = {isa = PBXFileReference; lastKnownFileType = sourcecode.c.objc; path = AppDelegate.m; sourceTree = "<group>"; };
		840E2C761C9B1AF300FE7E3B /* Base */ = {isa = PBXFileReference; lastKnownFileType = file.storyboard; name = Base; path = Base.lproj/Main.storyboard; sourceTree = "<group>"; };
		840E2C781C9B1AF300FE7E3B /* Assets.xcassets */ = {isa = PBXFileReference; lastKnownFileType = folder.assetcatalog; path = Assets.xcassets; sourceTree = "<group>"; };
		840E2C7B1C9B1AF300FE7E3B /* Base */ = {isa = PBXFileReference; lastKnownFileType = file.storyboard; name = Base; path = Base.lproj/LaunchScreen.storyboard; sourceTree = "<group>"; };
		840E2C7D1C9B1AF300FE7E3B /* Info.plist */ = {isa = PBXFileReference; lastKnownFileType = text.plist.xml; path = Info.plist; sourceTree = "<group>"; };
		840E2D121C9DAC7600FE7E3B /* FlickrPhoto.h */ = {isa = PBXFileReference; fileEncoding = 4; lastKnownFileType = sourcecode.c.h; name = FlickrPhoto.h; path = Model/FlickrPhoto.h; sourceTree = "<group>"; };
		840E2D131C9DAC7600FE7E3B /* FlickrPhoto.m */ = {isa = PBXFileReference; fileEncoding = 4; lastKnownFileType = sourcecode.c.objc; name = FlickrPhoto.m; path = Model/FlickrPhoto.m; sourceTree = "<group>"; };
		84BEEC541CA7B2F00000FCA9 /* FlickrAPI.h */ = {isa = PBXFileReference; fileEncoding = 4; lastKnownFileType = sourcecode.c.h; name = FlickrAPI.h; path = "Flickr API/FlickrAPI.h"; sourceTree = "<group>"; };
		84BEEC551CA7B2F00000FCA9 /* FlickrAPI.m */ = {isa = PBXFileReference; fileEncoding = 4; lastKnownFileType = sourcecode.c.objc; name = FlickrAPI.m; path = "Flickr API/FlickrAPI.m"; sourceTree = "<group>"; };
		84BEEC5A1CA7B3110000FCA9 /* FlickrPhotoCollectionVC.h */ = {isa = PBXFileReference; fileEncoding = 4; lastKnownFileType = sourcecode.c.h; name = FlickrPhotoCollectionVC.h; path = Controllers/FlickrPhotoCollectionVC.h; sourceTree = "<group>"; };
		84BEEC5B1CA7B3110000FCA9 /* FlickrPhotoCollectionVC.m */ = {isa = PBXFileReference; fileEncoding = 4; lastKnownFileType = sourcecode.c.objc; name = FlickrPhotoCollectionVC.m; path = Controllers/FlickrPhotoCollectionVC.m; sourceTree = "<group>"; };
		84BEEC5C1CA7B3110000FCA9 /* FlickrPhotoDetailVC.h */ = {isa = PBXFileReference; fileEncoding = 4; lastKnownFileType = sourcecode.c.h; name = FlickrPhotoDetailVC.h; path = Controllers/FlickrPhotoDetailVC.h; sourceTree = "<group>"; };
		84BEEC5D1CA7B3110000FCA9 /* FlickrPhotoDetailVC.m */ = {isa = PBXFileReference; fileEncoding = 4; lastKnownFileType = sourcecode.c.objc; name = FlickrPhotoDetailVC.m; path = Controllers/FlickrPhotoDetailVC.m; sourceTree = "<group>"; };
		84BEEC5E1CA7B3110000FCA9 /* MapViewVC.h */ = {isa = PBXFileReference; fileEncoding = 4; lastKnownFileType = sourcecode.c.h; name = MapViewVC.h; path = Controllers/MapViewVC.h; sourceTree = "<group>"; };
		84BEEC5F1CA7B3110000FCA9 /* MapViewVC.m */ = {isa = PBXFileReference; fileEncoding = 4; lastKnownFileType = sourcecode.c.objc; name = MapViewVC.m; path = Controllers/MapViewVC.m; sourceTree = "<group>"; };
		84BEEC601CA7B3110000FCA9 /* StartViewController.h */ = {isa = PBXFileReference; fileEncoding = 4; lastKnownFileType = sourcecode.c.h; name = StartViewController.h; path = Controllers/StartViewController.h; sourceTree = "<group>"; };
		84BEEC611CA7B3110000FCA9 /* StartViewController.m */ = {isa = PBXFileReference; fileEncoding = 4; lastKnownFileType = sourcecode.c.objc; name = StartViewController.m; path = Controllers/StartViewController.m; sourceTree = "<group>"; };
		84BEEC661CA7B31E0000FCA9 /* FlickrPhotoCollectionViewCell.h */ = {isa = PBXFileReference; fileEncoding = 4; lastKnownFileType = sourcecode.c.h; name = FlickrPhotoCollectionViewCell.h; path = "Custom cells/FlickrPhotoCollectionViewCell.h"; sourceTree = "<group>"; };
		84BEEC671CA7B31E0000FCA9 /* FlickrPhotoCollectionViewCell.m */ = {isa = PBXFileReference; fileEncoding = 4; lastKnownFileType = sourcecode.c.objc; name = FlickrPhotoCollectionViewCell.m; path = "Custom cells/FlickrPhotoCollectionViewCell.m"; sourceTree = "<group>"; };
		84BEEC691CA7B32F0000FCA9 /* LocationManager.h */ = {isa = PBXFileReference; fileEncoding = 4; lastKnownFileType = sourcecode.c.h; name = LocationManager.h; path = Location/LocationManager.h; sourceTree = "<group>"; };
		84BEEC6A1CA7B32F0000FCA9 /* LocationManager.m */ = {isa = PBXFileReference; fileEncoding = 4; lastKnownFileType = sourcecode.c.objc; name = LocationManager.m; path = Location/LocationManager.m; sourceTree = "<group>"; };
		84BEEC6D1CA7B6C10000FCA9 /* UIImage+Blur.h */ = {isa = PBXFileReference; fileEncoding = 4; lastKnownFileType = sourcecode.c.h; name = "UIImage+Blur.h"; path = "Category/UIImage+Blur.h"; sourceTree = "<group>"; };
		84BEEC6E1CA7B6C10000FCA9 /* UIImage+Blur.m */ = {isa = PBXFileReference; fileEncoding = 4; lastKnownFileType = sourcecode.c.objc; name = "UIImage+Blur.m"; path = "Category/UIImage+Blur.m"; sourceTree = "<group>"; };
		84BEEC761CA80BA30000FCA9 /* AboutPhotoVC.h */ = {isa = PBXFileReference; fileEncoding = 4; lastKnownFileType = sourcecode.c.h; name = AboutPhotoVC.h; path = Controllers/AboutPhotoVC.h; sourceTree = "<group>"; };
		84BEEC771CA80BA30000FCA9 /* AboutPhotoVC.m */ = {isa = PBXFileReference; fileEncoding = 4; lastKnownFileType = sourcecode.c.objc; name = AboutPhotoVC.m; path = Controllers/AboutPhotoVC.m; sourceTree = "<group>"; };
		84BEEC791CA84AA70000FCA9 /* AppearanceCustomization.h */ = {isa = PBXFileReference; fileEncoding = 4; lastKnownFileType = sourcecode.c.h; name = AppearanceCustomization.h; path = Appearance/AppearanceCustomization.h; sourceTree = "<group>"; };
		84BEEC7A1CA84AA70000FCA9 /* AppearanceCustomization.m */ = {isa = PBXFileReference; fileEncoding = 4; lastKnownFileType = sourcecode.c.objc; name = AppearanceCustomization.m; path = Appearance/AppearanceCustomization.m; sourceTree = "<group>"; };
		84BEEC7E1CB40D980000FCA9 /* FlickrPhotoFooterView.h */ = {isa = PBXFileReference; fileEncoding = 4; lastKnownFileType = sourcecode.c.h; name = FlickrPhotoFooterView.h; path = Views/FlickrPhotoFooterView.h; sourceTree = "<group>"; };
		84BEEC7F1CB40D980000FCA9 /* FlickrPhotoFooterView.m */ = {isa = PBXFileReference; fileEncoding = 4; lastKnownFileType = sourcecode.c.objc; name = FlickrPhotoFooterView.m; path = Views/FlickrPhotoFooterView.m; sourceTree = "<group>"; };
		84CEDDB51CA70F540021386F /* LoadingView.h */ = {isa = PBXFileReference; fileEncoding = 4; lastKnownFileType = sourcecode.c.h; path = LoadingView.h; sourceTree = "<group>"; };
		84CEDDB61CA70F540021386F /* LoadingView.m */ = {isa = PBXFileReference; fileEncoding = 4; lastKnownFileType = sourcecode.c.objc; path = LoadingView.m; sourceTree = "<group>"; };
		84D0408C1CA45A550085F33F /* SessionManager.h */ = {isa = PBXFileReference; fileEncoding = 4; lastKnownFileType = sourcecode.c.h; name = SessionManager.h; path = Networking/SessionManager.h; sourceTree = "<group>"; };
		84D0408D1CA45A550085F33F /* SessionManager.m */ = {isa = PBXFileReference; fileEncoding = 4; lastKnownFileType = sourcecode.c.objc; name = SessionManager.m; path = Networking/SessionManager.m; sourceTree = "<group>"; };
		84EC496A1C9DC89B0038F263 /* MapKit.framework */ = {isa = PBXFileReference; lastKnownFileType = wrapper.framework; name = MapKit.framework; path = System/Library/Frameworks/MapKit.framework; sourceTree = SDKROOT; };
		BB40261B3A8C89C8CD51F037 /* Pods.debug.xcconfig */ = {isa = PBXFileReference; includeInIndex = 1; lastKnownFileType = text.xcconfig; name = Pods.debug.xcconfig; path = "Pods/Target Support Files/Pods/Pods.debug.xcconfig"; sourceTree = "<group>"; };
		F594EFF681C7262793D46DB3 /* Pods.release.xcconfig */ = {isa = PBXFileReference; includeInIndex = 1; lastKnownFileType = text.xcconfig; name = Pods.release.xcconfig; path = "Pods/Target Support Files/Pods/Pods.release.xcconfig"; sourceTree = "<group>"; };
/* End PBXFileReference section */

/* Begin PBXFrameworksBuildPhase section */
		840E2C661C9B1AF300FE7E3B /* Frameworks */ = {
			isa = PBXFrameworksBuildPhase;
			buildActionMask = 2147483647;
			files = (
				84EC496B1C9DC89B0038F263 /* MapKit.framework in Frameworks */,
				11414F638E622555C700710D /* libPods.a in Frameworks */,
			);
			runOnlyForDeploymentPostprocessing = 0;
		};
/* End PBXFrameworksBuildPhase section */

/* Begin PBXGroup section */
		1B57421ED20DF8546CD58E19 /* Pods */ = {
			isa = PBXGroup;
			children = (
				BB40261B3A8C89C8CD51F037 /* Pods.debug.xcconfig */,
				F594EFF681C7262793D46DB3 /* Pods.release.xcconfig */,
			);
			name = Pods;
			sourceTree = "<group>";
		};
		840E2C601C9B1AF300FE7E3B = {
			isa = PBXGroup;
			children = (
				840E2C6B1C9B1AF300FE7E3B /* FlickrMap */,
				840E2C6A1C9B1AF300FE7E3B /* Products */,
				1B57421ED20DF8546CD58E19 /* Pods */,
				CC44CCAB868C136DFFD944D8 /* Frameworks */,
			);
			sourceTree = "<group>";
		};
		840E2C6A1C9B1AF300FE7E3B /* Products */ = {
			isa = PBXGroup;
			children = (
				840E2C691C9B1AF300FE7E3B /* FlickrMap.app */,
			);
			name = Products;
			sourceTree = "<group>";
		};
		840E2C6B1C9B1AF300FE7E3B /* FlickrMap */ = {
			isa = PBXGroup;
			children = (
				84BEEC7C1CA84AAC0000FCA9 /* Appearance */,
				84BEEC701CA7B6C70000FCA9 /* Category */,
				84D0408F1CA45A590085F33F /* Networking */,
				840E2D111C9DAC3900FE7E3B /* Model */,
				84EC49731C9F08920038F263 /* Flickr API */,
				840E2C6F1C9B1AF300FE7E3B /* AppDelegate.h */,
				840E2C701C9B1AF300FE7E3B /* AppDelegate.m */,
				84D040991CA6BEBA0085F33F /* Location */,
				84BEEC531CA7B1E60000FCA9 /* Custom cells */,
				84BEEC7D1CB40D320000FCA9 /* Views */,
				84BEEC521CA7B1B00000FCA9 /* Controllers */,
				84CEDDB51CA70F540021386F /* LoadingView.h */,
				84CEDDB61CA70F540021386F /* LoadingView.m */,
				840E2C751C9B1AF300FE7E3B /* Main.storyboard */,
				840E2C781C9B1AF300FE7E3B /* Assets.xcassets */,
				840E2C7A1C9B1AF300FE7E3B /* LaunchScreen.storyboard */,
				840E2C7D1C9B1AF300FE7E3B /* Info.plist */,
				840E2C6C1C9B1AF300FE7E3B /* Supporting Files */,
			);
			path = FlickrMap;
			sourceTree = "<group>";
		};
		840E2C6C1C9B1AF300FE7E3B /* Supporting Files */ = {
			isa = PBXGroup;
			children = (
				840E2C6D1C9B1AF300FE7E3B /* main.m */,
			);
			name = "Supporting Files";
			sourceTree = "<group>";
		};
		840E2D111C9DAC3900FE7E3B /* Model */ = {
			isa = PBXGroup;
			children = (
				840E2D121C9DAC7600FE7E3B /* FlickrPhoto.h */,
				840E2D131C9DAC7600FE7E3B /* FlickrPhoto.m */,
			);
			name = Model;
			sourceTree = "<group>";
		};
		84BEEC521CA7B1B00000FCA9 /* Controllers */ = {
			isa = PBXGroup;
			children = (
				84BEEC5E1CA7B3110000FCA9 /* MapViewVC.h */,
				84BEEC5F1CA7B3110000FCA9 /* MapViewVC.m */,
				84BEEC761CA80BA30000FCA9 /* AboutPhotoVC.h */,
				84BEEC771CA80BA30000FCA9 /* AboutPhotoVC.m */,
				84BEEC5C1CA7B3110000FCA9 /* FlickrPhotoDetailVC.h */,
				84BEEC5D1CA7B3110000FCA9 /* FlickrPhotoDetailVC.m */,
				84BEEC5A1CA7B3110000FCA9 /* FlickrPhotoCollectionVC.h */,
				84BEEC5B1CA7B3110000FCA9 /* FlickrPhotoCollectionVC.m */,
				84BEEC601CA7B3110000FCA9 /* StartViewController.h */,
				84BEEC611CA7B3110000FCA9 /* StartViewController.m */,
			);
			name = Controllers;
			sourceTree = "<group>";
		};
		84BEEC531CA7B1E60000FCA9 /* Custom cells */ = {
			isa = PBXGroup;
			children = (
				84BEEC661CA7B31E0000FCA9 /* FlickrPhotoCollectionViewCell.h */,
				84BEEC671CA7B31E0000FCA9 /* FlickrPhotoCollectionViewCell.m */,
			);
			name = "Custom cells";
			sourceTree = "<group>";
		};
		84BEEC701CA7B6C70000FCA9 /* Category */ = {
			isa = PBXGroup;
			children = (
				84BEEC6D1CA7B6C10000FCA9 /* UIImage+Blur.h */,
				84BEEC6E1CA7B6C10000FCA9 /* UIImage+Blur.m */,
			);
			name = Category;
			sourceTree = "<group>";
		};
		84BEEC7C1CA84AAC0000FCA9 /* Appearance */ = {
			isa = PBXGroup;
			children = (
				84BEEC791CA84AA70000FCA9 /* AppearanceCustomization.h */,
				84BEEC7A1CA84AA70000FCA9 /* AppearanceCustomization.m */,
			);
			name = Appearance;
			sourceTree = "<group>";
		};
		84BEEC7D1CB40D320000FCA9 /* Views */ = {
			isa = PBXGroup;
			children = (
				84BEEC7E1CB40D980000FCA9 /* FlickrPhotoFooterView.h */,
				84BEEC7F1CB40D980000FCA9 /* FlickrPhotoFooterView.m */,
			);
			name = Views;
			sourceTree = "<group>";
		};
		84D0408F1CA45A590085F33F /* Networking */ = {
			isa = PBXGroup;
			children = (
				84D0408C1CA45A550085F33F /* SessionManager.h */,
				84D0408D1CA45A550085F33F /* SessionManager.m */,
			);
			name = Networking;
			sourceTree = "<group>";
		};
		84D040991CA6BEBA0085F33F /* Location */ = {
			isa = PBXGroup;
			children = (
				84BEEC691CA7B32F0000FCA9 /* LocationManager.h */,
				84BEEC6A1CA7B32F0000FCA9 /* LocationManager.m */,
			);
			name = Location;
			sourceTree = "<group>";
		};
		84EC49731C9F08920038F263 /* Flickr API */ = {
			isa = PBXGroup;
			children = (
				84BEEC541CA7B2F00000FCA9 /* FlickrAPI.h */,
				84BEEC551CA7B2F00000FCA9 /* FlickrAPI.m */,
			);
			name = "Flickr API";
			sourceTree = "<group>";
		};
		CC44CCAB868C136DFFD944D8 /* Frameworks */ = {
			isa = PBXGroup;
			children = (
				84EC496A1C9DC89B0038F263 /* MapKit.framework */,
				66C726B289DBAFE5F48197CE /* libPods.a */,
			);
			name = Frameworks;
			sourceTree = "<group>";
		};
/* End PBXGroup section */

/* Begin PBXNativeTarget section */
		840E2C681C9B1AF300FE7E3B /* FlickrMap */ = {
			isa = PBXNativeTarget;
			buildConfigurationList = 840E2C801C9B1AF300FE7E3B /* Build configuration list for PBXNativeTarget "FlickrMap" */;
			buildPhases = (
				B117D89A898183AFAB0A3114 /* Check Pods Manifest.lock */,
				840E2C651C9B1AF300FE7E3B /* Sources */,
				840E2C661C9B1AF300FE7E3B /* Frameworks */,
				840E2C671C9B1AF300FE7E3B /* Resources */,
				9A9C7B5333BC6A1D28983EE1 /* Embed Pods Frameworks */,
				CFFF8663BFBE9D42B670ECF9 /* Copy Pods Resources */,
			);
			buildRules = (
			);
			dependencies = (
			);
			name = FlickrMap;
			productName = FlickrMap;
			productReference = 840E2C691C9B1AF300FE7E3B /* FlickrMap.app */;
			productType = "com.apple.product-type.application";
		};
/* End PBXNativeTarget section */

/* Begin PBXProject section */
		840E2C611C9B1AF300FE7E3B /* Project object */ = {
			isa = PBXProject;
			attributes = {
				LastUpgradeCheck = 0720;
				ORGANIZATIONNAME = "Viktor Erfilov";
				TargetAttributes = {
					840E2C681C9B1AF300FE7E3B = {
						CreatedOnToolsVersion = 7.2.1;
						DevelopmentTeam = 62L8D25XPU;
					};
				};
			};
			buildConfigurationList = 840E2C641C9B1AF300FE7E3B /* Build configuration list for PBXProject "FlickrMap" */;
			compatibilityVersion = "Xcode 3.2";
			developmentRegion = English;
			hasScannedForEncodings = 0;
			knownRegions = (
				en,
				Base,
			);
			mainGroup = 840E2C601C9B1AF300FE7E3B;
			productRefGroup = 840E2C6A1C9B1AF300FE7E3B /* Products */;
			projectDirPath = "";
			projectRoot = "";
			targets = (
				840E2C681C9B1AF300FE7E3B /* FlickrMap */,
			);
		};
/* End PBXProject section */

/* Begin PBXResourcesBuildPhase section */
		840E2C671C9B1AF300FE7E3B /* Resources */ = {
			isa = PBXResourcesBuildPhase;
			buildActionMask = 2147483647;
			files = (
				840E2C7C1C9B1AF300FE7E3B /* LaunchScreen.storyboard in Resources */,
				840E2C791C9B1AF300FE7E3B /* Assets.xcassets in Resources */,
				840E2C771C9B1AF300FE7E3B /* Main.storyboard in Resources */,
			);
			runOnlyForDeploymentPostprocessing = 0;
		};
/* End PBXResourcesBuildPhase section */

/* Begin PBXShellScriptBuildPhase section */
		9A9C7B5333BC6A1D28983EE1 /* Embed Pods Frameworks */ = {
			isa = PBXShellScriptBuildPhase;
			buildActionMask = 2147483647;
			files = (
			);
			inputPaths = (
			);
			name = "Embed Pods Frameworks";
			outputPaths = (
			);
			runOnlyForDeploymentPostprocessing = 0;
			shellPath = /bin/sh;
			shellScript = "\"${SRCROOT}/Pods/Target Support Files/Pods/Pods-frameworks.sh\"\n";
			showEnvVarsInLog = 0;
		};
		B117D89A898183AFAB0A3114 /* Check Pods Manifest.lock */ = {
			isa = PBXShellScriptBuildPhase;
			buildActionMask = 2147483647;
			files = (
			);
			inputPaths = (
			);
			name = "Check Pods Manifest.lock";
			outputPaths = (
			);
			runOnlyForDeploymentPostprocessing = 0;
			shellPath = /bin/sh;
			shellScript = "diff \"${PODS_ROOT}/../Podfile.lock\" \"${PODS_ROOT}/Manifest.lock\" > /dev/null\nif [[ $? != 0 ]] ; then\n    cat << EOM\nerror: The sandbox is not in sync with the Podfile.lock. Run 'pod install' or update your CocoaPods installation.\nEOM\n    exit 1\nfi\n";
			showEnvVarsInLog = 0;
		};
		CFFF8663BFBE9D42B670ECF9 /* Copy Pods Resources */ = {
			isa = PBXShellScriptBuildPhase;
			buildActionMask = 2147483647;
			files = (
			);
			inputPaths = (
			);
			name = "Copy Pods Resources";
			outputPaths = (
			);
			runOnlyForDeploymentPostprocessing = 0;
			shellPath = /bin/sh;
			shellScript = "\"${SRCROOT}/Pods/Target Support Files/Pods/Pods-resources.sh\"\n";
			showEnvVarsInLog = 0;
		};
/* End PBXShellScriptBuildPhase section */

/* Begin PBXSourcesBuildPhase section */
		840E2C651C9B1AF300FE7E3B /* Sources */ = {
			isa = PBXSourcesBuildPhase;
			buildActionMask = 2147483647;
			files = (
				84BEEC681CA7B31E0000FCA9 /* FlickrPhotoCollectionViewCell.m in Sources */,
				84BEEC631CA7B3110000FCA9 /* FlickrPhotoDetailVC.m in Sources */,
				84D0408E1CA45A550085F33F /* SessionManager.m in Sources */,
				84CEDDB71CA70F540021386F /* LoadingView.m in Sources */,
				84BEEC651CA7B3110000FCA9 /* StartViewController.m in Sources */,
				84BEEC561CA7B2F00000FCA9 /* FlickrAPI.m in Sources */,
				84BEEC781CA80BA30000FCA9 /* AboutPhotoVC.m in Sources */,
				84BEEC6B1CA7B32F0000FCA9 /* LocationManager.m in Sources */,
				84BEEC6F1CA7B6C10000FCA9 /* UIImage+Blur.m in Sources */,
				840E2C711C9B1AF300FE7E3B /* AppDelegate.m in Sources */,
				84BEEC641CA7B3110000FCA9 /* MapViewVC.m in Sources */,
				84BEEC621CA7B3110000FCA9 /* FlickrPhotoCollectionVC.m in Sources */,
				84BEEC7B1CA84AA70000FCA9 /* AppearanceCustomization.m in Sources */,
				840E2D141C9DAC7600FE7E3B /* FlickrPhoto.m in Sources */,
				840E2C6E1C9B1AF300FE7E3B /* main.m in Sources */,
				84BEEC801CB40D990000FCA9 /* FlickrPhotoFooterView.m in Sources */,
			);
			runOnlyForDeploymentPostprocessing = 0;
		};
/* End PBXSourcesBuildPhase section */

/* Begin PBXVariantGroup section */
		840E2C751C9B1AF300FE7E3B /* Main.storyboard */ = {
			isa = PBXVariantGroup;
			children = (
				840E2C761C9B1AF300FE7E3B /* Base */,
			);
			name = Main.storyboard;
			sourceTree = "<group>";
		};
		840E2C7A1C9B1AF300FE7E3B /* LaunchScreen.storyboard */ = {
			isa = PBXVariantGroup;
			children = (
				840E2C7B1C9B1AF300FE7E3B /* Base */,
			);
			name = LaunchScreen.storyboard;
			sourceTree = "<group>";
		};
/* End PBXVariantGroup section */

/* Begin XCBuildConfiguration section */
		840E2C7E1C9B1AF300FE7E3B /* Debug */ = {
			isa = XCBuildConfiguration;
			buildSettings = {
				ALWAYS_SEARCH_USER_PATHS = NO;
				CLANG_CXX_LANGUAGE_STANDARD = "gnu++0x";
				CLANG_CXX_LIBRARY = "libc++";
				CLANG_ENABLE_MODULES = YES;
				CLANG_ENABLE_OBJC_ARC = YES;
				CLANG_WARN_BOOL_CONVERSION = YES;
				CLANG_WARN_CONSTANT_CONVERSION = YES;
				CLANG_WARN_DIRECT_OBJC_ISA_USAGE = YES_ERROR;
				CLANG_WARN_EMPTY_BODY = YES;
				CLANG_WARN_ENUM_CONVERSION = YES;
				CLANG_WARN_INT_CONVERSION = YES;
				CLANG_WARN_OBJC_ROOT_CLASS = YES_ERROR;
				CLANG_WARN_UNREACHABLE_CODE = YES;
				CLANG_WARN__DUPLICATE_METHOD_MATCH = YES;
				"CODE_SIGN_IDENTITY[sdk=iphoneos*]" = "iPhone Developer";
				COPY_PHASE_STRIP = NO;
				DEBUG_INFORMATION_FORMAT = dwarf;
				ENABLE_STRICT_OBJC_MSGSEND = YES;
				ENABLE_TESTABILITY = YES;
				GCC_C_LANGUAGE_STANDARD = gnu99;
				GCC_DYNAMIC_NO_PIC = NO;
				GCC_NO_COMMON_BLOCKS = YES;
				GCC_OPTIMIZATION_LEVEL = 0;
				GCC_PREPROCESSOR_DEFINITIONS = (
					"DEBUG=1",
					"$(inherited)",
				);
				GCC_WARN_64_TO_32_BIT_CONVERSION = YES;
				GCC_WARN_ABOUT_RETURN_TYPE = YES_ERROR;
				GCC_WARN_UNDECLARED_SELECTOR = YES;
				GCC_WARN_UNINITIALIZED_AUTOS = YES_AGGRESSIVE;
				GCC_WARN_UNUSED_FUNCTION = YES;
				GCC_WARN_UNUSED_VARIABLE = YES;
				IPHONEOS_DEPLOYMENT_TARGET = 9.2;
				MTL_ENABLE_DEBUG_INFO = YES;
				ONLY_ACTIVE_ARCH = YES;
				SDKROOT = iphoneos;
				TARGETED_DEVICE_FAMILY = "1,2";
			};
			name = Debug;
		};
		840E2C7F1C9B1AF300FE7E3B /* Release */ = {
			isa = XCBuildConfiguration;
			buildSettings = {
				ALWAYS_SEARCH_USER_PATHS = NO;
				CLANG_CXX_LANGUAGE_STANDARD = "gnu++0x";
				CLANG_CXX_LIBRARY = "libc++";
				CLANG_ENABLE_MODULES = YES;
				CLANG_ENABLE_OBJC_ARC = YES;
				CLANG_WARN_BOOL_CONVERSION = YES;
				CLANG_WARN_CONSTANT_CONVERSION = YES;
				CLANG_WARN_DIRECT_OBJC_ISA_USAGE = YES_ERROR;
				CLANG_WARN_EMPTY_BODY = YES;
				CLANG_WARN_ENUM_CONVERSION = YES;
				CLANG_WARN_INT_CONVERSION = YES;
				CLANG_WARN_OBJC_ROOT_CLASS = YES_ERROR;
				CLANG_WARN_UNREACHABLE_CODE = YES;
				CLANG_WARN__DUPLICATE_METHOD_MATCH = YES;
				"CODE_SIGN_IDENTITY[sdk=iphoneos*]" = "iPhone Developer";
				COPY_PHASE_STRIP = NO;
				DEBUG_INFORMATION_FORMAT = "dwarf-with-dsym";
				ENABLE_NS_ASSERTIONS = NO;
				ENABLE_STRICT_OBJC_MSGSEND = YES;
				GCC_C_LANGUAGE_STANDARD = gnu99;
				GCC_NO_COMMON_BLOCKS = YES;
				GCC_WARN_64_TO_32_BIT_CONVERSION = YES;
				GCC_WARN_ABOUT_RETURN_TYPE = YES_ERROR;
				GCC_WARN_UNDECLARED_SELECTOR = YES;
				GCC_WARN_UNINITIALIZED_AUTOS = YES_AGGRESSIVE;
				GCC_WARN_UNUSED_FUNCTION = YES;
				GCC_WARN_UNUSED_VARIABLE = YES;
				IPHONEOS_DEPLOYMENT_TARGET = 9.2;
				MTL_ENABLE_DEBUG_INFO = NO;
				SDKROOT = iphoneos;
				TARGETED_DEVICE_FAMILY = "1,2";
				VALIDATE_PRODUCT = YES;
			};
			name = Release;
		};
		840E2C811C9B1AF300FE7E3B /* Debug */ = {
			isa = XCBuildConfiguration;
			baseConfigurationReference = BB40261B3A8C89C8CD51F037 /* Pods.debug.xcconfig */;
			buildSettings = {
				ASSETCATALOG_COMPILER_APPICON_NAME = AppIcon;
				INFOPLIST_FILE = FlickrMap/Info.plist;
				IPHONEOS_DEPLOYMENT_TARGET = 7.1;
				LD_RUNPATH_SEARCH_PATHS = "$(inherited) @executable_path/Frameworks";
				PRODUCT_BUNDLE_IDENTIFIER = com.viktorerfilov.FlickrMap;
				PRODUCT_NAME = "$(TARGET_NAME)";
			};
			name = Debug;
		};
		840E2C821C9B1AF300FE7E3B /* Release */ = {
			isa = XCBuildConfiguration;
			baseConfigurationReference = F594EFF681C7262793D46DB3 /* Pods.release.xcconfig */;
			buildSettings = {
				ASSETCATALOG_COMPILER_APPICON_NAME = AppIcon;
				INFOPLIST_FILE = FlickrMap/Info.plist;
				IPHONEOS_DEPLOYMENT_TARGET = 7.1;
				LD_RUNPATH_SEARCH_PATHS = "$(inherited) @executable_path/Frameworks";
				PRODUCT_BUNDLE_IDENTIFIER = com.viktorerfilov.FlickrMap;
				PRODUCT_NAME = "$(TARGET_NAME)";
			};
			name = Release;
		};
/* End XCBuildConfiguration section */

/* Begin XCConfigurationList section */
		840E2C641C9B1AF300FE7E3B /* Build configuration list for PBXProject "FlickrMap" */ = {
			isa = XCConfigurationList;
			buildConfigurations = (
				840E2C7E1C9B1AF300FE7E3B /* Debug */,
				840E2C7F1C9B1AF300FE7E3B /* Release */,
			);
			defaultConfigurationIsVisible = 0;
			defaultConfigurationName = Release;
		};
		840E2C801C9B1AF300FE7E3B /* Build configuration list for PBXNativeTarget "FlickrMap" */ = {
			isa = XCConfigurationList;
			buildConfigurations = (
				840E2C811C9B1AF300FE7E3B /* Debug */,
				840E2C821C9B1AF300FE7E3B /* Release */,
			);
			defaultConfigurationIsVisible = 0;
			defaultConfigurationName = Release;
		};
/* End XCConfigurationList section */
	};
	rootObject = 840E2C611C9B1AF300FE7E3B /* Project object */;
}
